
Microsoft Visual Studio Solution File, Format Version 12.00
# Visual Studio 2013
VisualStudioVersion = 12.0.30501.0
MinimumVisualStudioVersion = 10.0.40219.1
Project("{FAE04EC0-301F-11D3-BF4B-00C04F79EFBC}") = "EmployeeTagger.Web", "EmployeeTagger.Web\EmployeeTagger.Web.csproj", "{B685C78E-062A-4F73-9C52-FAB521093EE9}"
EndProject
Project("{FAE04EC0-301F-11D3-BF4B-00C04F79EFBC}") = "EmployeeTagger.Data", "EmployeeTagger.Data\EmployeeTagger.Data.csproj", "{246B9F8C-3903-4C24-86B0-DA1604562628}"
EndProject
Project("{FAE04EC0-301F-11D3-BF4B-00C04F79EFBC}") = "EmployeeTagger.Data.Contracts", "EmployeeTagger.Data.Contracts\EmployeeTagger.Data.Contracts.csproj", "{5D2CE35C-A7D8-4896-B1DD-0FE8A22DE84D}"
EndProject
Project("{FAE04EC0-301F-11D3-BF4B-00C04F79EFBC}") = "EmployeeTagger.Model", "EmployeeTagger.Model\EmployeeTagger.Model.csproj", "{46888C3F-464F-43B0-B73D-CD6BEB1E11E4}"
EndProject
Global
	GlobalSection(SolutionConfigurationPlatforms) = preSolution
		Debug|Any CPU = Debug|Any CPU
		Release|Any CPU = Release|Any CPU
	EndGlobalSection
	GlobalSection(ProjectConfigurationPlatforms) = postSolution
		{B685C78E-062A-4F73-9C52-FAB521093EE9}.Debug|Any CPU.ActiveCfg = Debug|Any CPU
		{B685C78E-062A-4F73-9C52-FAB521093EE9}.Debug|Any CPU.Build.0 = Debug|Any CPU
		{B685C78E-062A-4F73-9C52-FAB521093EE9}.Release|Any CPU.ActiveCfg = Release|Any CPU
		{B685C78E-062A-4F73-9C52-FAB521093EE9}.Release|Any CPU.Build.0 = Release|Any CPU
		{246B9F8C-3903-4C24-86B0-DA1604562628}.Debug|Any CPU.ActiveCfg = Debug|Any CPU
		{246B9F8C-3903-4C24-86B0-DA1604562628}.Debug|Any CPU.Build.0 = Debug|Any CPU
		{246B9F8C-3903-4C24-86B0-DA1604562628}.Release|Any CPU.ActiveCfg = Release|Any CPU
		{246B9F8C-3903-4C24-86B0-DA1604562628}.Release|Any CPU.Build.0 = Release|Any CPU
		{5D2CE35C-A7D8-4896-B1DD-0FE8A22DE84D}.Debug|Any CPU.ActiveCfg = Debug|Any CPU
		{5D2CE35C-A7D8-4896-B1DD-0FE8A22DE84D}.Debug|Any CPU.Build.0 = Debug|Any CPU
		{5D2CE35C-A7D8-4896-B1DD-0FE8A22DE84D}.Release|Any CPU.ActiveCfg = Release|Any CPU
		{5D2CE35C-A7D8-4896-B1DD-0FE8A22DE84D}.Release|Any CPU.Build.0 = Release|Any CPU
		{46888C3F-464F-43B0-B73D-CD6BEB1E11E4}.Debug|Any CPU.ActiveCfg = Debug|Any CPU
		{46888C3F-464F-43B0-B73D-CD6BEB1E11E4}.Debug|Any CPU.Build.0 = Debug|Any CPU
		{46888C3F-464F-43B0-B73D-CD6BEB1E11E4}.Release|Any CPU.ActiveCfg = Release|Any CPU
		{46888C3F-464F-43B0-B73D-CD6BEB1E11E4}.Release|Any CPU.Build.0 = Release|Any CPU
	EndGlobalSection
	GlobalSection(SolutionProperties) = preSolution
		HideSolutionNode = FALSE
	EndGlobalSection
EndGlobal
